{
  "version": 4,
  "terraform_version": "1.3.7",
  "serial": 11,
  "lineage": "ca4ad900-c516-ab4f-66a8-82c24ab340bf",
  "outputs": {
    "bastion_open_tunnel_command": {
      "value": "gcloud compute ssh app-cluster-bastion --project testing-2-379112 --zone europe-west1-b -- -L8888:127.0.0.1:8888 -f tail -f /dev/null",
      "type": "string"
    },
    "kubectl_alias_command": {
      "value": "alias kube='HTTPS_PROXY=localhost:8888 kubectl'",
      "type": "string"
    }
  },
  "resources": [
    {
      "module": "module.bastion",
      "mode": "data",
      "type": "template_file",
      "name": "startup_script",
      "provider": "provider[\"registry.terraform.io/hashicorp/template\"]",
      "instances": [
        {
          "schema_version": 0,
          "attributes": {
            "filename": null,
            "id": "5342018eb1c9e1064c7484cc318ec9b657db7cf30d11973012b6b4bbdb6acad7",
            "rendered": "sudo apt-get update -y\nsudo apt-get install -y tinyproxy\n",
            "template": "sudo apt-get update -y\nsudo apt-get install -y tinyproxy\n",
            "vars": null
          },
          "sensitive_attributes": []
        }
      ]
    },
    {
      "module": "module.bastion",
      "mode": "managed",
      "type": "google_compute_firewall",
      "name": "bastion-ssh",
      "provider": "provider[\"registry.terraform.io/hashicorp/google\"]",
      "instances": [
        {
          "schema_version": 1,
          "attributes": {
            "allow": [
              {
                "ports": [
                  "22"
                ],
                "protocol": "tcp"
              }
            ],
            "creation_timestamp": "2023-03-06T13:06:58.502-08:00",
            "deny": [],
            "description": "",
            "destination_ranges": [],
            "direction": "INGRESS",
            "disabled": false,
            "enable_logging": null,
            "id": "projects/testing-2-379112/global/firewalls/app-cluster-bastion-ssh",
            "log_config": [],
            "name": "app-cluster-bastion-ssh",
            "network": "https://www.googleapis.com/compute/v1/projects/testing-2-379112/global/networks/kubernetes-cluster",
            "priority": 1000,
            "project": "testing-2-379112",
            "self_link": "https://www.googleapis.com/compute/v1/projects/testing-2-379112/global/firewalls/app-cluster-bastion-ssh",
            "source_ranges": [
              "0.0.0.0/0"
            ],
            "source_service_accounts": null,
            "source_tags": null,
            "target_service_accounts": null,
            "target_tags": [
              "bastion"
            ],
            "timeouts": null
          },
          "sensitive_attributes": [],
          "private": "eyJlMmJmYjczMC1lY2FhLTExZTYtOGY4OC0zNDM2M2JjN2M0YzAiOnsiY3JlYXRlIjoyNDAwMDAwMDAwMDAsImRlbGV0ZSI6MjQwMDAwMDAwMDAwLCJ1cGRhdGUiOjI0MDAwMDAwMDAwMH0sInNjaGVtYV92ZXJzaW9uIjoiMSJ9",
          "dependencies": [
            "module.google_networks.google_compute_network.vpc"
          ]
        }
      ]
    },
    {
      "module": "module.bastion",
      "mode": "managed",
      "type": "google_compute_instance",
      "name": "bastion",
      "provider": "provider[\"registry.terraform.io/hashicorp/google\"]",
      "instances": [
        {
          "schema_version": 6,
          "attributes": {
            "advanced_machine_features": [],
            "allow_stopping_for_update": true,
            "attached_disk": [],
            "boot_disk": [
              {
                "auto_delete": true,
                "device_name": "persistent-disk-0",
                "disk_encryption_key_raw": "",
                "disk_encryption_key_sha256": "",
                "initialize_params": [
                  {
                    "image": "https://www.googleapis.com/compute/v1/projects/debian-cloud/global/images/debian-10-buster-v20230306",
                    "labels": {},
                    "size": 10,
                    "type": "pd-standard"
                  }
                ],
                "kms_key_self_link": "",
                "mode": "READ_WRITE",
                "source": "https://www.googleapis.com/compute/v1/projects/testing-2-379112/zones/europe-west1-b/disks/app-cluster-bastion"
              }
            ],
            "can_ip_forward": false,
            "confidential_instance_config": [],
            "cpu_platform": "Intel Broadwell",
            "current_status": "RUNNING",
            "deletion_protection": false,
            "description": "",
            "desired_status": null,
            "enable_display": false,
            "guest_accelerator": [],
            "hostname": "",
            "id": "projects/testing-2-379112/zones/europe-west1-b/instances/app-cluster-bastion",
            "instance_id": "9169351844008028389",
            "label_fingerprint": "42WmSpB8rSM=",
            "labels": null,
            "machine_type": "e2-micro",
            "metadata": null,
            "metadata_fingerprint": "a0BHJwWd2_U=",
            "metadata_startup_script": "sudo apt-get update -y\nsudo apt-get install -y tinyproxy\n",
            "min_cpu_platform": "",
            "name": "app-cluster-bastion",
            "network_interface": [
              {
                "access_config": [
                  {
                    "nat_ip": "35.210.121.45",
                    "network_tier": "STANDARD",
                    "public_ptr_domain_name": ""
                  }
                ],
                "alias_ip_range": [],
                "ipv6_access_config": [],
                "ipv6_access_type": "",
                "name": "nic0",
                "network": "https://www.googleapis.com/compute/v1/projects/testing-2-379112/global/networks/kubernetes-cluster",
                "network_ip": "10.10.0.2",
                "nic_type": "",
                "stack_type": "IPV4_ONLY",
                "subnetwork": "https://www.googleapis.com/compute/v1/projects/testing-2-379112/regions/europe-west1/subnetworks/kubernetes-cluster--subnet",
                "subnetwork_project": "testing-2-379112"
              }
            ],
            "project": "testing-2-379112",
            "reservation_affinity": [],
            "resource_policies": null,
            "scheduling": [
              {
                "automatic_restart": false,
                "min_node_cpus": 0,
                "node_affinities": [],
                "on_host_maintenance": "TERMINATE",
                "preemptible": true
              }
            ],
            "scratch_disk": [],
            "self_link": "https://www.googleapis.com/compute/v1/projects/testing-2-379112/zones/europe-west1-b/instances/app-cluster-bastion",
            "service_account": [
              {
                "email": "app-cluster-bastion-sa@testing-2-379112.iam.gserviceaccount.com",
                "scopes": [
                  "https://www.googleapis.com/auth/cloud-platform"
                ]
              }
            ],
            "shielded_instance_config": [
              {
                "enable_integrity_monitoring": true,
                "enable_secure_boot": true,
                "enable_vtpm": true
              }
            ],
            "tags": [
              "bastion"
            ],
            "tags_fingerprint": "NfTTNVh6sLU=",
            "timeouts": null,
            "zone": "europe-west1-b"
          },
          "sensitive_attributes": [],
          "private": "eyJlMmJmYjczMC1lY2FhLTExZTYtOGY4OC0zNDM2M2JjN2M0YzAiOnsiY3JlYXRlIjoxMjAwMDAwMDAwMDAwLCJkZWxldGUiOjEyMDAwMDAwMDAwMDAsInVwZGF0ZSI6MTIwMDAwMDAwMDAwMH0sInNjaGVtYV92ZXJzaW9uIjoiNiJ9",
          "dependencies": [
            "module.bastion.data.template_file.startup_script",
            "module.bastion.google_service_account.bastion",
            "module.google_networks.google_compute_network.vpc",
            "module.google_networks.google_compute_subnetwork.subnet"
          ]
        }
      ]
    },
    {
      "module": "module.bastion",
      "mode": "managed",
      "type": "google_service_account",
      "name": "bastion",
      "provider": "provider[\"registry.terraform.io/hashicorp/google\"]",
      "instances": [
        {
          "schema_version": 0,
          "attributes": {
            "account_id": "app-cluster-bastion-sa",
            "description": "",
            "disabled": false,
            "display_name": "GKE Bastion Service Account",
            "email": "app-cluster-bastion-sa@testing-2-379112.iam.gserviceaccount.com",
            "id": "projects/testing-2-379112/serviceAccounts/app-cluster-bastion-sa@testing-2-379112.iam.gserviceaccount.com",
            "name": "projects/testing-2-379112/serviceAccounts/app-cluster-bastion-sa@testing-2-379112.iam.gserviceaccount.com",
            "project": "testing-2-379112",
            "timeouts": null,
            "unique_id": "101751184402016370125"
          },
          "sensitive_attributes": [],
          "private": "eyJlMmJmYjczMC1lY2FhLTExZTYtOGY4OC0zNDM2M2JjN2M0YzAiOnsiY3JlYXRlIjozMDAwMDAwMDAwMDB9fQ=="
        }
      ]
    },
    {
      "module": "module.google_kubernetes_cluster",
      "mode": "managed",
      "type": "google_container_cluster",
      "name": "app_cluster",
      "provider": "provider[\"registry.terraform.io/hashicorp/google\"]",
      "instances": [
        {
          "schema_version": 1,
          "attributes": {
            "addons_config": [
              {
                "cloudrun_config": [],
                "horizontal_pod_autoscaling": [],
                "http_load_balancing": [],
                "network_policy_config": [
                  {
                    "disabled": false
                  }
                ]
              }
            ],
            "authenticator_groups_config": [],
            "cluster_autoscaling": [
              {
                "auto_provisioning_defaults": [],
                "enabled": false,
                "resource_limits": []
              }
            ],
            "cluster_ipv4_cidr": "10.101.0.0/16",
            "database_encryption": [
              {
                "key_name": "",
                "state": "DECRYPTED"
              }
            ],
            "datapath_provider": "",
            "default_max_pods_per_node": 110,
            "default_snat_status": [
              {
                "disabled": false
              }
            ],
            "description": "",
            "enable_autopilot": false,
            "enable_binary_authorization": false,
            "enable_intranode_visibility": false,
            "enable_kubernetes_alpha": false,
            "enable_legacy_abac": false,
            "enable_shielded_nodes": false,
            "enable_tpu": false,
            "endpoint": "10.100.100.2",
            "id": "projects/testing-2-379112/locations/europe-west1/clusters/app-cluster",
            "initial_node_count": 1,
            "instance_group_urls": [],
            "ip_allocation_policy": [
              {
                "cluster_ipv4_cidr_block": "10.101.0.0/16",
                "cluster_secondary_range_name": "gke-app-cluster-pods-0ade8833",
                "services_ipv4_cidr_block": "10.102.0.0/16",
                "services_secondary_range_name": "gke-app-cluster-services-0ade8833"
              }
            ],
            "label_fingerprint": "a9dc16a7",
            "location": "europe-west1",
            "logging_config": [
              {
                "enable_components": [
                  "SYSTEM_COMPONENTS",
                  "WORKLOADS"
                ]
              }
            ],
            "logging_service": "logging.googleapis.com/kubernetes",
            "maintenance_policy": [
              {
                "daily_maintenance_window": [
                  {
                    "duration": "PT4H0M0S",
                    "start_time": "02:00"
                  }
                ],
                "maintenance_exclusion": [],
                "recurring_window": []
              }
            ],
            "master_auth": [
              {
                "client_certificate": "",
                "client_certificate_config": [
                  {
                    "issue_client_certificate": false
                  }
                ],
                "client_key": "",
                "cluster_ca_certificate": "LS0tLS1CRUdJTiBDRVJUSUZJQ0FURS0tLS0tCk1JSUVMRENDQXBTZ0F3SUJBZ0lRSGM1eWJyNFBNaElDMWxxYzdaNkJlakFOQmdrcWhraUc5dzBCQVFzRkFEQXYKTVMwd0t3WURWUVFERXlSa05URmhNMk0yTnkwNU16Z3pMVFJtWVRFdE9XVXpOaTB5TkRjeE5USmxaV00xWmpFdwpJQmNOTWpNd016QTJNakF3TnpVM1doZ1BNakExTXpBeU1qWXlNVEEzTlRkYU1DOHhMVEFyQmdOVkJBTVRKR1ExCk1XRXpZelkzTFRrek9ETXROR1poTVMwNVpUTTJMVEkwTnpFMU1tVmxZelZtTVRDQ0FhSXdEUVlKS29aSWh2Y04KQVFFQkJRQURnZ0dQQURDQ0FZb0NnZ0dCQUkwYkg4UHJFczUvdWZyekN4SERNZ2dGY3grMURSTE9OUW45S0dUcQpLTFRkUmxJeVUwR2dPTWQ2dnZkMTR5dnRxNHhTOHA2MEN1eXRhZWdzeGJ5Q1JvSkNRcDg2djJXaDBVZnVsci90CmRhQUcwV3V3MFVhbzliYkQ5cW5CaHR4UDMyUDNMMnM3dExZQmFBd0J5R1l0bTFRZ1JZR042RkFQTDBCWUVXV1cKWEtxNUpnMkd4dHBWaUsvNElZQU9hSTNrQW44U3BvdnlEVTMwNm1KUVVHVDNHOTgzdVpjU0VVYWw3MC8xTU9sZAo5cUx4Zm5Kc1RPRzQ0SGN1MjhxS05nUkRBWWZwSS9UVWtNdVJwOHpPTWJodVpHblo5WWdyQ25KRDNyWk45RU1pCml2MnJuMDdQUTNnU3NLMnA0YUlNNmtXbnRRU083akNKQUNZem9PanVtOWl0aHdUTDJOVmFhMzlMdkdNQU9tVFUKU1R0NlpHYlBjMmRES2liWCt0disvb3JESVNDNW8rQUNyNHhZYy9lVlpkVUpoSFFMWDFtTjJiMDhkZFNXb0RuVwpiL3c0eDFaSjFaZHpIdTlvcEw5UEdDV0NUNWhqamZZdGxzOGswazJTZnFSdVVPU2ZTYjhWQ3o3ZzhOcWE3T3pICkdmTHd4dFI3QkgySWpuR2pxbUFORlcrait3SURBUUFCbzBJd1FEQU9CZ05WSFE4QkFmOEVCQU1DQWdRd0R3WUQKVlIwVEFRSC9CQVV3QXdFQi96QWRCZ05WSFE0RUZnUVVUbzlpd0tTNlV6R1FSZG5QSnFta0VsdmhneUV3RFFZSgpLb1pJaHZjTkFRRUxCUUFEZ2dHQkFIdUV6SER5SjBERmZja1RMenA5eElPM05HeW1tTFRyWmxoSmErVGZhRk4rCitKcWtHanJORnFGemUyU1pHQno0UXAyK0xmYWlHM0xNaURPMytyUUNpNEtiYlBVRXgweFVkT3MveEtIVmttc3kKQnpPdDZuc29saG9QU2JvYTZNYWNvUlh2TER0bnBZZjhScm9jcFdXOEl2U2F6NnU3R0paNkR3amZlRWE4SXlLOAp1YXVQeWxUa3dKOWhqbUZzdWVDSUJsZGV6dmt3OFE4WUMvV2hhSmw4Q2Y1T2NVNk40YkNpckxPUThJMjFMcDNlCmdQTXZRaUFEMzBWZlpJWFNYTEt2Rk1menVGNDR2azU4Y25oSzlkZ1ppcnF6NzI3NU9hZUNyQklKcTlEZm4rTmcKcnhzeWdjZkgxNFBQYlR6Zmc5dHgxOU5iL2xUL3JmelNub1BWRFBQQXlBTHlFa1BERm9UVXVvYms0ZXhpWWhyZQoyWlhGc3JmVnJ2cjhyK24rZ1kzbXpiOVpuMzkwdHp1Nk5sdWtTb2cxUWlNdDNodDVXNkJxMDRnOWo1U2tQTUt3CnJvcHZINVYrTFUwU1pDZDc0MWcvb3JkckFOUG1YRlJocU4vc29pR3hSTUcvMEJrbmVneXBQTWdnLzhoZ1NFOWkKeWdkem9keFYrTG9HcGZ4dUZVdExkdz09Ci0tLS0tRU5EIENFUlRJRklDQVRFLS0tLS0K",
                "password": "",
                "username": ""
              }
            ],
            "master_authorized_networks_config": [
              {
                "cidr_blocks": [
                  {
                    "cidr_block": "10.10.0.2/32",
                    "display_name": "External Control Plane access"
                  }
                ]
              }
            ],
            "master_version": "1.23.14-gke.1800",
            "min_master_version": null,
            "monitoring_config": [
              {
                "enable_components": [
                  "SYSTEM_COMPONENTS"
                ]
              }
            ],
            "monitoring_service": "monitoring.googleapis.com/kubernetes",
            "name": "app-cluster",
            "network": "projects/testing-2-379112/global/networks/kubernetes-cluster",
            "network_policy": [
              {
                "enabled": true,
                "provider": ""
              }
            ],
            "networking_mode": "VPC_NATIVE",
            "node_config": [],
            "node_locations": [
              "europe-west1-b",
              "europe-west1-c",
              "europe-west1-d"
            ],
            "node_pool": [],
            "node_version": "1.23.14-gke.1800",
            "operation": null,
            "pod_security_policy_config": [],
            "private_cluster_config": [
              {
                "enable_private_endpoint": true,
                "enable_private_nodes": true,
                "master_global_access_config": [
                  {
                    "enabled": false
                  }
                ],
                "master_ipv4_cidr_block": "10.100.100.0/28",
                "peering_name": "gke-ne59f697fa19002f0669-05a3-376f-peer",
                "private_endpoint": "10.100.100.2",
                "public_endpoint": "104.199.84.89"
              }
            ],
            "private_ipv6_google_access": "",
            "project": "testing-2-379112",
            "release_channel": [
              {
                "channel": "STABLE"
              }
            ],
            "remove_default_node_pool": true,
            "resource_labels": null,
            "resource_usage_export_config": [],
            "self_link": "https://container.googleapis.com/v1beta1/projects/testing-2-379112/locations/europe-west1/clusters/app-cluster",
            "services_ipv4_cidr": "10.102.0.0/16",
            "subnetwork": "projects/testing-2-379112/regions/europe-west1/subnetworks/kubernetes-cluster--subnet",
            "timeouts": null,
            "tpu_ipv4_cidr_block": "",
            "vertical_pod_autoscaling": [],
            "workload_identity_config": [
              {
                "identity_namespace": "testing-2-379112.svc.id.goog",
                "workload_pool": ""
              }
            ]
          },
          "sensitive_attributes": [],
          "private": "eyJlMmJmYjczMC1lY2FhLTExZTYtOGY4OC0zNDM2M2JjN2M0YzAiOnsiY3JlYXRlIjoyNDAwMDAwMDAwMDAwLCJkZWxldGUiOjI0MDAwMDAwMDAwMDAsInJlYWQiOjI0MDAwMDAwMDAwMDAsInVwZGF0ZSI6MzYwMDAwMDAwMDAwMH0sInNjaGVtYV92ZXJzaW9uIjoiMSJ9",
          "dependencies": [
            "module.bastion.data.template_file.startup_script",
            "module.bastion.google_compute_instance.bastion",
            "module.bastion.google_service_account.bastion",
            "module.google_networks.google_compute_network.vpc",
            "module.google_networks.google_compute_subnetwork.subnet"
          ]
        }
      ]
    },
    {
      "module": "module.google_kubernetes_cluster",
      "mode": "managed",
      "type": "google_container_node_pool",
      "name": "app_cluster_linux_node_pool",
      "provider": "provider[\"registry.terraform.io/hashicorp/google\"]",
      "instances": [
        {
          "schema_version": 1,
          "attributes": {
            "autoscaling": [
              {
                "max_node_count": 3,
                "min_node_count": 1
              }
            ],
            "cluster": "app-cluster",
            "id": "projects/testing-2-379112/locations/europe-west1/clusters/app-cluster/nodePools/app-cluster--linux-node-pool",
            "initial_node_count": 3,
            "instance_group_urls": [
              "https://www.googleapis.com/compute/v1/projects/testing-2-379112/zones/europe-west1-b/instanceGroupManagers/gke-app-cluster-app-cluster--linux-no-38c8ce1d-grp"
            ],
            "location": "europe-west1",
            "management": [
              {
                "auto_repair": true,
                "auto_upgrade": true
              }
            ],
            "max_pods_per_node": 100,
            "name": "app-cluster--linux-node-pool",
            "name_prefix": "",
            "node_config": [
              {
                "disk_size_gb": 30,
                "disk_type": "pd-standard",
                "guest_accelerator": [],
                "image_type": "COS_CONTAINERD",
                "labels": {
                  "cluster": "app-cluster"
                },
                "local_ssd_count": 0,
                "machine_type": "e2-medium",
                "metadata": {
                  "disable-legacy-endpoints": "true",
                  "google-compute-enable-virtio-rng": "true"
                },
                "min_cpu_platform": "",
                "oauth_scopes": [
                  "https://www.googleapis.com/auth/devstorage.read_only",
                  "https://www.googleapis.com/auth/logging.write",
                  "https://www.googleapis.com/auth/monitoring",
                  "https://www.googleapis.com/auth/service.management.readonly",
                  "https://www.googleapis.com/auth/servicecontrol",
                  "https://www.googleapis.com/auth/trace.append"
                ],
                "preemptible": true,
                "service_account": "terraform@testing-2-379112.iam.gserviceaccount.com",
                "shielded_instance_config": [
                  {
                    "enable_integrity_monitoring": true,
                    "enable_secure_boot": true
                  }
                ],
                "tags": null,
                "taint": [],
                "workload_metadata_config": [
                  {
                    "mode": "GKE_METADATA",
                    "node_metadata": "GKE_METADATA_SERVER"
                  }
                ]
              }
            ],
            "node_count": 3,
            "node_locations": [
              "europe-west1-b"
            ],
            "operation": null,
            "project": "testing-2-379112",
            "timeouts": null,
            "upgrade_settings": [
              {
                "max_surge": 1,
                "max_unavailable": 1
              }
            ],
            "version": "1.23.14-gke.1800"
          },
          "sensitive_attributes": [],
          "private": "eyJlMmJmYjczMC1lY2FhLTExZTYtOGY4OC0zNDM2M2JjN2M0YzAiOnsiY3JlYXRlIjoxODAwMDAwMDAwMDAwLCJkZWxldGUiOjE4MDAwMDAwMDAwMDAsInVwZGF0ZSI6MTgwMDAwMDAwMDAwMH0sInNjaGVtYV92ZXJzaW9uIjoiMSJ9",
          "dependencies": [
            "module.bastion.data.template_file.startup_script",
            "module.bastion.google_compute_instance.bastion",
            "module.bastion.google_service_account.bastion",
            "module.google_kubernetes_cluster.google_container_cluster.app_cluster",
            "module.google_networks.google_compute_network.vpc",
            "module.google_networks.google_compute_subnetwork.subnet"
          ]
        }
      ]
    },
    {
      "module": "module.google_networks",
      "mode": "managed",
      "type": "google_compute_network",
      "name": "vpc",
      "provider": "provider[\"registry.terraform.io/hashicorp/google\"]",
      "instances": [
        {
          "schema_version": 0,
          "attributes": {
            "auto_create_subnetworks": false,
            "delete_default_routes_on_create": true,
            "description": "",
            "gateway_ipv4": "",
            "id": "projects/testing-2-379112/global/networks/kubernetes-cluster",
            "mtu": 0,
            "name": "kubernetes-cluster",
            "project": "testing-2-379112",
            "routing_mode": "GLOBAL",
            "self_link": "https://www.googleapis.com/compute/v1/projects/testing-2-379112/global/networks/kubernetes-cluster",
            "timeouts": null
          },
          "sensitive_attributes": [],
          "private": "eyJlMmJmYjczMC1lY2FhLTExZTYtOGY4OC0zNDM2M2JjN2M0YzAiOnsiY3JlYXRlIjoyNDAwMDAwMDAwMDAsImRlbGV0ZSI6MjQwMDAwMDAwMDAwLCJ1cGRhdGUiOjI0MDAwMDAwMDAwMH19"
        }
      ]
    },
    {
      "module": "module.google_networks",
      "mode": "managed",
      "type": "google_compute_route",
      "name": "egress_internet",
      "provider": "provider[\"registry.terraform.io/hashicorp/google\"]",
      "instances": [
        {
          "schema_version": 0,
          "attributes": {
            "description": "",
            "dest_range": "0.0.0.0/0",
            "id": "projects/testing-2-379112/global/routes/egress-internet",
            "name": "egress-internet",
            "network": "https://www.googleapis.com/compute/v1/projects/testing-2-379112/global/networks/kubernetes-cluster",
            "next_hop_gateway": "https://www.googleapis.com/compute/v1/projects/testing-2-379112/global/gateways/default-internet-gateway",
            "next_hop_ilb": "",
            "next_hop_instance": "",
            "next_hop_instance_zone": null,
            "next_hop_ip": "",
            "next_hop_network": "",
            "next_hop_vpn_tunnel": "",
            "priority": 1000,
            "project": "testing-2-379112",
            "self_link": "https://www.googleapis.com/compute/v1/projects/testing-2-379112/global/routes/egress-internet",
            "tags": null,
            "timeouts": null
          },
          "sensitive_attributes": [],
          "private": "eyJlMmJmYjczMC1lY2FhLTExZTYtOGY4OC0zNDM2M2JjN2M0YzAiOnsiY3JlYXRlIjoyNDAwMDAwMDAwMDAsImRlbGV0ZSI6MjQwMDAwMDAwMDAwfX0=",
          "dependencies": [
            "module.google_networks.google_compute_network.vpc"
          ]
        }
      ]
    },
    {
      "module": "module.google_networks",
      "mode": "managed",
      "type": "google_compute_router",
      "name": "router",
      "provider": "provider[\"registry.terraform.io/hashicorp/google\"]",
      "instances": [
        {
          "schema_version": 0,
          "attributes": {
            "bgp": [],
            "creation_timestamp": "2023-03-06T13:07:22.104-08:00",
            "description": "",
            "id": "projects/testing-2-379112/regions/europe-west1/routers/kubernetes-cluster-router",
            "name": "kubernetes-cluster-router",
            "network": "https://www.googleapis.com/compute/v1/projects/testing-2-379112/global/networks/kubernetes-cluster",
            "project": "testing-2-379112",
            "region": "europe-west1",
            "self_link": "https://www.googleapis.com/compute/v1/projects/testing-2-379112/regions/europe-west1/routers/kubernetes-cluster-router",
            "timeouts": null
          },
          "sensitive_attributes": [],
          "private": "eyJlMmJmYjczMC1lY2FhLTExZTYtOGY4OC0zNDM2M2JjN2M0YzAiOnsiY3JlYXRlIjoyNDAwMDAwMDAwMDAsImRlbGV0ZSI6MjQwMDAwMDAwMDAwLCJ1cGRhdGUiOjI0MDAwMDAwMDAwMH19",
          "dependencies": [
            "module.google_networks.google_compute_network.vpc",
            "module.google_networks.google_compute_subnetwork.subnet"
          ]
        }
      ]
    },
    {
      "module": "module.google_networks",
      "mode": "managed",
      "type": "google_compute_router_nat",
      "name": "nat_router",
      "provider": "provider[\"registry.terraform.io/hashicorp/google\"]",
      "instances": [
        {
          "schema_version": 0,
          "attributes": {
            "drain_nat_ips": null,
            "enable_endpoint_independent_mapping": true,
            "icmp_idle_timeout_sec": 30,
            "id": "testing-2-379112/europe-west1/kubernetes-cluster-router/kubernetes-cluster--subnet-nat-router",
            "log_config": [
              {
                "enable": true,
                "filter": "ERRORS_ONLY"
              }
            ],
            "min_ports_per_vm": 0,
            "name": "kubernetes-cluster--subnet-nat-router",
            "nat_ip_allocate_option": "AUTO_ONLY",
            "nat_ips": null,
            "project": "testing-2-379112",
            "region": "europe-west1",
            "router": "kubernetes-cluster-router",
            "source_subnetwork_ip_ranges_to_nat": "LIST_OF_SUBNETWORKS",
            "subnetwork": [
              {
                "name": "kubernetes-cluster--subnet",
                "secondary_ip_range_names": [],
                "source_ip_ranges_to_nat": [
                  "ALL_IP_RANGES"
                ]
              }
            ],
            "tcp_established_idle_timeout_sec": 1200,
            "tcp_transitory_idle_timeout_sec": 30,
            "timeouts": null,
            "udp_idle_timeout_sec": 30
          },
          "sensitive_attributes": [],
          "private": "eyJlMmJmYjczMC1lY2FhLTExZTYtOGY4OC0zNDM2M2JjN2M0YzAiOnsiY3JlYXRlIjo2MDAwMDAwMDAwMDAsImRlbGV0ZSI6NjAwMDAwMDAwMDAwLCJ1cGRhdGUiOjYwMDAwMDAwMDAwMH19",
          "dependencies": [
            "module.google_networks.google_compute_network.vpc",
            "module.google_networks.google_compute_router.router",
            "module.google_networks.google_compute_subnetwork.subnet"
          ]
        }
      ]
    },
    {
      "module": "module.google_networks",
      "mode": "managed",
      "type": "google_compute_subnetwork",
      "name": "subnet",
      "provider": "provider[\"registry.terraform.io/hashicorp/google\"]",
      "instances": [
        {
          "schema_version": 0,
          "attributes": {
            "creation_timestamp": "2023-03-06T13:07:00.451-08:00",
            "description": "",
            "external_ipv6_prefix": "",
            "fingerprint": null,
            "gateway_address": "10.10.0.1",
            "id": "projects/testing-2-379112/regions/europe-west1/subnetworks/kubernetes-cluster--subnet",
            "ip_cidr_range": "10.10.0.0/16",
            "ipv6_access_type": "",
            "ipv6_cidr_range": "",
            "log_config": [],
            "name": "kubernetes-cluster--subnet",
            "network": "https://www.googleapis.com/compute/v1/projects/testing-2-379112/global/networks/kubernetes-cluster",
            "private_ip_google_access": true,
            "private_ipv6_google_access": "DISABLE_GOOGLE_ACCESS",
            "project": "testing-2-379112",
            "purpose": "PRIVATE",
            "region": "europe-west1",
            "role": "",
            "secondary_ip_range": [],
            "self_link": "https://www.googleapis.com/compute/v1/projects/testing-2-379112/regions/europe-west1/subnetworks/kubernetes-cluster--subnet",
            "stack_type": "IPV4_ONLY",
            "timeouts": null
          },
          "sensitive_attributes": [],
          "private": "eyJlMmJmYjczMC1lY2FhLTExZTYtOGY4OC0zNDM2M2JjN2M0YzAiOnsiY3JlYXRlIjozNjAwMDAwMDAwMDAsImRlbGV0ZSI6MzYwMDAwMDAwMDAwLCJ1cGRhdGUiOjM2MDAwMDAwMDAwMH19",
          "dependencies": [
            "module.google_networks.google_compute_network.vpc"
          ]
        }
      ]
    }
  ],
  "check_results": null
}
